<?xml version="1.0" encoding="UTF-8" standalone="yes" ?>
<CodeBlocks_project_file>
	<FileVersion major="1" minor="6" />
	<Project>
		<Option title="Proyek2" />
		<Option pch_mode="2" />
		<Option compiler="gcc" />
		<Build>
			<Target title="Debug">
				<Option output="bin/Debug/Proyek2" prefix_auto="1" extension_auto="1" />
				<Option object_output="obj/Debug/" />
				<Option type="1" />
				<Option compiler="gcc" />
				<Compiler>
					<Add option="-g" />
				</Compiler>
			</Target>
			<Target title="Release">
				<Option output="bin/Release/Proyek2" prefix_auto="1" extension_auto="1" />
				<Option object_output="obj/Release/" />
				<Option type="1" />
				<Option compiler="gcc" />
				<Compiler>
					<Add option="-O2" />
				</Compiler>
				<Linker>
					<Add option="-s" />
				</Linker>
			</Target>
		</Build>
		<Compiler>
			<Add option="-Wall" />
		</Compiler>
		<Unit filename="AnnisaDian.h" />
		<Unit filename="HayaQonita.h" />
		<Unit filename="Logout.c">
			<Option compilerVar="CC" />
		</Unit>
		<Unit filename="Logout.h" />
		<Unit filename="MenuUtama.c">
			<Option compilerVar="CC" />
		</Unit>
		<Unit filename="MenuUtama.h" />
		<Unit filename="MuhammadHarish.h" />
		<Unit filename="MuhammadRidhoF.h" />
		<Unit filename="RSA.h" />
		<Unit filename="RafkaImanda.h" />
		<Unit filename="Save_Enkrip_to_File(5).c">
			<Option compilerVar="CC" />
		</Unit>
		<Unit filename="Unknown.h" />
		<Unit filename="auth.c">
			<Option compilerVar="CC" />
		</Unit>
		<Unit filename="auth.h" />
		<Unit filename="commons.c">
			<Option compilerVar="CC" />
		</Unit>
		<Unit filename="commons.h" />
		<Unit filename="datamenfess.c">
			<Option compilerVar="CC" />
		</Unit>
		<Unit filename="datamenfess.h" />
		<Unit filename="decrypt.h" />
		<Unit filename="deskripsi_vernam.c">
			<Option compilerVar="CC" />
		</Unit>
		<Unit filename="deskripsi_vernam.h" />
		<Unit filename="enkripsi_vernam.h" />
		<Unit filename="generateFile.c">
			<Option compilerVar="CC" />
		</Unit>
		<Unit filename="gitClone/Proyek2/Logout.h" />
		<Unit filename="gitClone/Proyek2/MenuUtama.h" />
		<Unit filename="gitClone/Proyek2/RSA.h" />
		<Unit filename="gitClone/Proyek2/auth.h" />
		<Unit filename="gitClone/Proyek2/commons.h" />
		<Unit filename="gitClone/Proyek2/datamenfess.h" />
		<Unit filename="gitClone/Proyek2/deskripsi_vernam.h" />
		<Unit filename="gitClone/Proyek2/enkripsi_vernam.h" />
		<Unit filename="gitClone/Proyek2/hilldekrip.h" />
		<Unit filename="gitClone/Proyek2/hillenkrip.h" />
		<Unit filename="gitClone/Proyek2/mhsDashboard.h" />
		<Unit filename="gitClone/Proyek2/modul.h" />
		<Unit filename="gitClone/Proyek2/opsi2.h" />
		<Unit filename="gitClone/Proyek2/railfence.h" />
		<Unit filename="gitClone/Proyek2/vigenere_dekrip.h" />
		<Unit filename="gitClone/Proyek2/vigenere_enkrip.h" />
		<Unit filename="gitClone/Proyek2/welcome.h" />
		<Unit filename="hilldekrip.h" />
		<Unit filename="hillenkrip.c">
			<Option compilerVar="CC" />
		</Unit>
		<Unit filename="hillenkrip.h" />
		<Unit filename="main.c">
			<Option compilerVar="CC" />
		</Unit>
		<Unit filename="main_decrypt.c">
			<Option compilerVar="CC" />
		</Unit>
		<Unit filename="method_decrypt.c">
			<Option compilerVar="CC" />
		</Unit>
		<Unit filename="mhsDashboard.c">
			<Option compilerVar="CC" />
		</Unit>
		<Unit filename="mhsDashboard.h" />
		<Unit filename="opsi2.h" />
		<Unit filename="railfence.h" />
		<Unit filename="validator.c">
			<Option compilerVar="CC" />
		</Unit>
		<Unit filename="vigenere_dekrip.h" />
		<Unit filename="vigenere_enkrip.h" />
		<Unit filename="welcome.c">
			<Option compilerVar="CC" />
		</Unit>
		<Unit filename="welcome.h" />
		<Extensions>
			<lib_finder disable_auto="1" />
		</Extensions>
	</Project>
</CodeBlocks_project_file>
